{
  "name": "flowercatalog",
  "version": "1.0.0",
  "lockfileVersion": 2,
  "requires": true,
  "packages": {
    "": {
      "name": "flowercatalog",
      "version": "1.0.0",
      "license": "ISC",
      "dependencies": {
        "httpserver": "github:beastvivek/httpServer"
      }
    },
    "node_modules/httpserver": {
      "version": "1.0.0",
      "resolved": "git+ssh://git@github.com/beastvivek/httpServer.git#37d56add664ae58edfd6e199ab1c2ccef3d35b2a",
      "license": "ISC"
    }
  },
  "dependencies": {
    "httpserver": {
      "version": "git+ssh://git@github.com/beastvivek/httpServer.git#37d56add664ae58edfd6e199ab1c2ccef3d35b2a",
      "from": "httpserver@https://github.com/beastvivek/httpServer"
    }
  }
}
